
Microsoft Visual Studio Solution File, Format Version 12.00
# Visual Studio 14
VisualStudioVersion = 14.0.25123.0
MinimumVisualStudioVersion = 10.0.40219.1
Project("{2150E333-8FDC-42A3-9474-1A3956D46DE8}") = "Source", "Source", "{58AD174C-FB8B-4735-AA38-511FCF5FC8BD}"
EndProject
Project("{2150E333-8FDC-42A3-9474-1A3956D46DE8}") = "Tests", "Tests", "{BCC03039-62C6-4D36-BB24-707F2316CB36}"
EndProject
Project("{FAE04EC0-301F-11D3-BF4B-00C04F79EFBC}") = "Library", "Library\Library.csproj", "{02E55793-3C02-45D2-A727-9F6E36E9930A}"
EndProject
Project("{FAE04EC0-301F-11D3-BF4B-00C04F79EFBC}") = "Library.Test", "Library.Test\Library.Test.csproj", "{B3E2C6F1-8C68-4558-BAC1-9FB1E3508B68}"
EndProject
Project("{2150E333-8FDC-42A3-9474-1A3956D46DE8}") = "Solution Items", "Solution Items", "{A057AFC9-6B3A-4B9A-923F-AE968580961C}"
	ProjectSection(SolutionItems) = preProject
		Changelog.txt = Changelog.txt
	EndProjectSection
EndProject
Project("{FAE04EC0-301F-11D3-BF4B-00C04F79EFBC}") = "Library.Net46", "Library.Net46\Library.Net46.csproj", "{2E91E65E-74CC-49C7-A3AD-8CB23459A62C}"
EndProject
Project("{FAE04EC0-301F-11D3-BF4B-00C04F79EFBC}") = "Library.Net46.Test", "Library.Net46.Test\Library.Net46.Test.csproj", "{8BAEC987-7DA3-448C-BEA1-3B3AB758D75C}"
EndProject
Project("{FAE04EC0-301F-11D3-BF4B-00C04F79EFBC}") = "Library.Net452", "Library.Net452\Library.Net452.csproj", "{1E4A9007-F4FA-41C8-B6B5-3093C26C51F4}"
EndProject
Project("{FAE04EC0-301F-11D3-BF4B-00C04F79EFBC}") = "Library.Net452.Test", "Library.Net452.Test\Library.Net452.Test.csproj", "{6DF64481-C1E8-4E2B-806B-07C8546D669B}"
EndProject
Project("{FAE04EC0-301F-11D3-BF4B-00C04F79EFBC}") = "Library.Net451", "Library.Net451\Library.Net451.csproj", "{4DFDFB60-43D4-41F8-B9EF-843CD53496F4}"
EndProject
Project("{FAE04EC0-301F-11D3-BF4B-00C04F79EFBC}") = "Library.Net451.Test", "Library.Net451.Test\Library.Net451.Test.csproj", "{7404B874-4EB5-49EB-A8AA-51D3C84D115E}"
EndProject
Project("{FAE04EC0-301F-11D3-BF4B-00C04F79EFBC}") = "Library.Net45", "Library.Net45\Library.Net45.csproj", "{2FCCE474-21F1-464C-85A7-CDFA644E6A1A}"
EndProject
Project("{FAE04EC0-301F-11D3-BF4B-00C04F79EFBC}") = "Library.Net45.Test", "Library.Net45.Test\Library.Net45.Test.csproj", "{CD693B2A-1556-4FF0-8619-82933884B42B}"
EndProject
Global
	GlobalSection(SolutionConfigurationPlatforms) = preSolution
		Debug|Any CPU = Debug|Any CPU
		Release|Any CPU = Release|Any CPU
	EndGlobalSection
	GlobalSection(ProjectConfigurationPlatforms) = postSolution
		{02E55793-3C02-45D2-A727-9F6E36E9930A}.Debug|Any CPU.ActiveCfg = Debug|Any CPU
		{02E55793-3C02-45D2-A727-9F6E36E9930A}.Debug|Any CPU.Build.0 = Debug|Any CPU
		{02E55793-3C02-45D2-A727-9F6E36E9930A}.Release|Any CPU.ActiveCfg = Release|Any CPU
		{02E55793-3C02-45D2-A727-9F6E36E9930A}.Release|Any CPU.Build.0 = Release|Any CPU
		{B3E2C6F1-8C68-4558-BAC1-9FB1E3508B68}.Debug|Any CPU.ActiveCfg = Debug|Any CPU
		{B3E2C6F1-8C68-4558-BAC1-9FB1E3508B68}.Debug|Any CPU.Build.0 = Debug|Any CPU
		{B3E2C6F1-8C68-4558-BAC1-9FB1E3508B68}.Release|Any CPU.ActiveCfg = Release|Any CPU
		{B3E2C6F1-8C68-4558-BAC1-9FB1E3508B68}.Release|Any CPU.Build.0 = Release|Any CPU
		{2E91E65E-74CC-49C7-A3AD-8CB23459A62C}.Debug|Any CPU.ActiveCfg = Debug|Any CPU
		{2E91E65E-74CC-49C7-A3AD-8CB23459A62C}.Debug|Any CPU.Build.0 = Debug|Any CPU
		{2E91E65E-74CC-49C7-A3AD-8CB23459A62C}.Release|Any CPU.ActiveCfg = Release|Any CPU
		{2E91E65E-74CC-49C7-A3AD-8CB23459A62C}.Release|Any CPU.Build.0 = Release|Any CPU
		{8BAEC987-7DA3-448C-BEA1-3B3AB758D75C}.Debug|Any CPU.ActiveCfg = Debug|Any CPU
		{8BAEC987-7DA3-448C-BEA1-3B3AB758D75C}.Debug|Any CPU.Build.0 = Debug|Any CPU
		{8BAEC987-7DA3-448C-BEA1-3B3AB758D75C}.Release|Any CPU.ActiveCfg = Release|Any CPU
		{8BAEC987-7DA3-448C-BEA1-3B3AB758D75C}.Release|Any CPU.Build.0 = Release|Any CPU
		{1E4A9007-F4FA-41C8-B6B5-3093C26C51F4}.Debug|Any CPU.ActiveCfg = Debug|Any CPU
		{1E4A9007-F4FA-41C8-B6B5-3093C26C51F4}.Debug|Any CPU.Build.0 = Debug|Any CPU
		{1E4A9007-F4FA-41C8-B6B5-3093C26C51F4}.Release|Any CPU.ActiveCfg = Release|Any CPU
		{1E4A9007-F4FA-41C8-B6B5-3093C26C51F4}.Release|Any CPU.Build.0 = Release|Any CPU
		{6DF64481-C1E8-4E2B-806B-07C8546D669B}.Debug|Any CPU.ActiveCfg = Debug|Any CPU
		{6DF64481-C1E8-4E2B-806B-07C8546D669B}.Debug|Any CPU.Build.0 = Debug|Any CPU
		{6DF64481-C1E8-4E2B-806B-07C8546D669B}.Release|Any CPU.ActiveCfg = Release|Any CPU
		{6DF64481-C1E8-4E2B-806B-07C8546D669B}.Release|Any CPU.Build.0 = Release|Any CPU
		{4DFDFB60-43D4-41F8-B9EF-843CD53496F4}.Debug|Any CPU.ActiveCfg = Debug|Any CPU
		{4DFDFB60-43D4-41F8-B9EF-843CD53496F4}.Debug|Any CPU.Build.0 = Debug|Any CPU
		{4DFDFB60-43D4-41F8-B9EF-843CD53496F4}.Release|Any CPU.ActiveCfg = Release|Any CPU
		{4DFDFB60-43D4-41F8-B9EF-843CD53496F4}.Release|Any CPU.Build.0 = Release|Any CPU
		{7404B874-4EB5-49EB-A8AA-51D3C84D115E}.Debug|Any CPU.ActiveCfg = Debug|Any CPU
		{7404B874-4EB5-49EB-A8AA-51D3C84D115E}.Debug|Any CPU.Build.0 = Debug|Any CPU
		{7404B874-4EB5-49EB-A8AA-51D3C84D115E}.Release|Any CPU.ActiveCfg = Release|Any CPU
		{7404B874-4EB5-49EB-A8AA-51D3C84D115E}.Release|Any CPU.Build.0 = Release|Any CPU
		{2FCCE474-21F1-464C-85A7-CDFA644E6A1A}.Debug|Any CPU.ActiveCfg = Debug|Any CPU
		{2FCCE474-21F1-464C-85A7-CDFA644E6A1A}.Debug|Any CPU.Build.0 = Debug|Any CPU
		{2FCCE474-21F1-464C-85A7-CDFA644E6A1A}.Release|Any CPU.ActiveCfg = Release|Any CPU
		{2FCCE474-21F1-464C-85A7-CDFA644E6A1A}.Release|Any CPU.Build.0 = Release|Any CPU
		{CD693B2A-1556-4FF0-8619-82933884B42B}.Debug|Any CPU.ActiveCfg = Debug|Any CPU
		{CD693B2A-1556-4FF0-8619-82933884B42B}.Debug|Any CPU.Build.0 = Debug|Any CPU
		{CD693B2A-1556-4FF0-8619-82933884B42B}.Release|Any CPU.ActiveCfg = Release|Any CPU
		{CD693B2A-1556-4FF0-8619-82933884B42B}.Release|Any CPU.Build.0 = Release|Any CPU
	EndGlobalSection
	GlobalSection(SolutionProperties) = preSolution
		HideSolutionNode = FALSE
	EndGlobalSection
	GlobalSection(NestedProjects) = preSolution
		{02E55793-3C02-45D2-A727-9F6E36E9930A} = {58AD174C-FB8B-4735-AA38-511FCF5FC8BD}
		{B3E2C6F1-8C68-4558-BAC1-9FB1E3508B68} = {BCC03039-62C6-4D36-BB24-707F2316CB36}
		{2E91E65E-74CC-49C7-A3AD-8CB23459A62C} = {58AD174C-FB8B-4735-AA38-511FCF5FC8BD}
		{8BAEC987-7DA3-448C-BEA1-3B3AB758D75C} = {BCC03039-62C6-4D36-BB24-707F2316CB36}
		{1E4A9007-F4FA-41C8-B6B5-3093C26C51F4} = {58AD174C-FB8B-4735-AA38-511FCF5FC8BD}
		{6DF64481-C1E8-4E2B-806B-07C8546D669B} = {BCC03039-62C6-4D36-BB24-707F2316CB36}
		{4DFDFB60-43D4-41F8-B9EF-843CD53496F4} = {58AD174C-FB8B-4735-AA38-511FCF5FC8BD}
		{7404B874-4EB5-49EB-A8AA-51D3C84D115E} = {BCC03039-62C6-4D36-BB24-707F2316CB36}
		{2FCCE474-21F1-464C-85A7-CDFA644E6A1A} = {58AD174C-FB8B-4735-AA38-511FCF5FC8BD}
		{CD693B2A-1556-4FF0-8619-82933884B42B} = {BCC03039-62C6-4D36-BB24-707F2316CB36}
	EndGlobalSection
EndGlobal
